
Microsoft Visual Studio Solution File, Format Version 12.00
# Visual Studio Version 17
VisualStudioVersion = 17.4.33122.133
MinimumVisualStudioVersion = 10.0.40219.1
Project("{FAE04EC0-301F-11D3-BF4B-00C04F79EFBC}") = "SMSM", "SMSM\SMSM.csproj", "{A800C771-1EAD-4B62-9EBC-CCD2F1295129}"
EndProject
Global
	GlobalSection(SolutionConfigurationPlatforms) = preSolution
		Debug|Any CPU = Debug|Any CPU
		Release|Any CPU = Release|Any CPU
	EndGlobalSection
	GlobalSection(ProjectConfigurationPlatforms) = postSolution
		{A800C771-1EAD-4B62-9EBC-CCD2F1295129}.Debug|Any CPU.ActiveCfg = Debug|Any CPU
		{A800C771-1EAD-4B62-9EBC-CCD2F1295129}.Debug|Any CPU.Build.0 = Debug|Any CPU
		{A800C771-1EAD-4B62-9EBC-CCD2F1295129}.Release|Any CPU.ActiveCfg = Release|Any CPU
		{A800C771-1EAD-4B62-9EBC-CCD2F1295129}.Release|Any CPU.Build.0 = Release|Any CPU
	EndGlobalSection
	GlobalSection(SolutionProperties) = preSolution
		HideSolutionNode = FALSE
	EndGlobalSection
	GlobalSection(ExtensibilityGlobals) = postSolution
		SolutionGuid = {12F76EF4-ED54-4855-A6F1-19AD3A2B7E39}
	EndGlobalSection
EndGlobal
